# SentiVue Oracle — pinned versions (single source of truth for bootstrap)
# Exact values are installed as written. Dynamic/unresolved values are acquisition
# inputs only: release/install reject them until independently verified identity
# and digest data are promoted through named keys here or the generated tracked
# verification/dependency-authorities.json manifest.
# Bump deliberately, one at a time, and re-run `make verify` after any change.
#
# BEFORE FIRST BOOTSTRAP on the Mac: sanity-check that each pin still exists
# (npm view <pkg> versions; the GitHub releases pages; docker manifest inspect).
# If a pin was yanked or the release asset name changed, bump it here — nothing
# else in the repo hardcodes versions.

# --- engines (verified on npm 2026-07-09) ---
# Note: npm install of Claude Code is officially deprecated in favor of the native
# installer, but we use npm DELIBERATELY: it pins an exact version and does not
# auto-update in the background (auto-update is wrong for an air-gapped appliance).
# Requires Node 22+ (installed by bootstrap).
CLAUDE_CODE_NPM_VERSION=2.1.205         # npm: @anthropic-ai/claude-code
OPENCODE_NPM_VERSION=1.17.16            # npm: opencode-ai
KILO_CLI_NPM_VERSION=7.4.5              # npm: @kilocode/cli (OpenCode fork; third engine:
                                        # agent tabs + missions; same kilo.jsonc as the IDE panel)
CLAUDE_CODE_NPM_SHA256=unresolved       # promote independently verified tarball digest here
OPENCODE_NPM_SHA256=unresolved
KILO_CLI_NPM_SHA256=unresolved

# --- harness ---
ECC_REPO=https://github.com/affaan-m/ECC
ECC_PIN=v2.0.0                          # tag; curated subset only (see harness/ecc/profile.txt)
ECC_COMMIT=unresolved                   # tag resolution is acquisition evidence until promoted
ECC_ARCHIVE_SHA256=unresolved
AGENT_MCP_REPO=https://github.com/rinadelph/Agent-MCP
AGENT_MCP_PIN=v4.20.1                   # tag verified 2026-07-10; orchestration viewer (dashboard)
AGENT_MCP_COMMIT=unresolved
AGENT_MCP_ARCHIVE_SHA256=unresolved
LOOP_ENG_REPO=https://github.com/cobusgreyling/loop-engineering
LOOP_ENG_PIN=v1.5.0                     # tag verified 2026-07-10; patterns/docs vendored
LOOP_ENG_COMMIT=unresolved
LOOP_ENG_ARCHIVE_SHA256=unresolved
LOOP_AUDIT_NPM=1.6.0                    # @cobusgreyling/loop-audit  (readiness score)
LOOP_INIT_NPM=1.3.3                     # @cobusgreyling/loop-init   (scaffold)
LOOP_COST_NPM=1.0.3                     # @cobusgreyling/loop-cost   (token estimator)
LOOP_SYNC_NPM=1.0.0                     # @cobusgreyling/loop-sync   (STATE/LOOP drift)
LOOP_AUDIT_NPM_SHA256=unresolved
LOOP_INIT_NPM_SHA256=unresolved
LOOP_COST_NPM_SHA256=unresolved
LOOP_SYNC_NPM_SHA256=unresolved
SUPERPOWERS_REPO=https://github.com/obra/superpowers
SUPERPOWERS_PIN=v6.1.1                  # tag verified 2026-07-10; 252k stars, MIT
SUPERPOWERS_COMMIT=unresolved
SUPERPOWERS_ARCHIVE_SHA256=unresolved
GSTACK_REPO=https://github.com/garrytan/gstack
GSTACK_PIN=7c9df1c568a9ea745508f679a329332b2c338063  # main 2026-07-10 (no tags); 121k stars, MIT
GSTACK_COMMIT=7c9df1c568a9ea745508f679a329332b2c338063
GSTACK_ARCHIVE_SHA256=unresolved

# --- serving (verified on GitHub releases 2026-07-09/10) ---
LLAMA_CPP_BREW_FORMULA=llama.cpp        # brew pin after install (Mac)
LLAMA_CPP_BREW_VERSION=unresolved       # acquisition may discover; reproducible mode rejects
LLAMA_CPP_BREW_RESOLVED_VERSION=unresolved
LLAMA_CPP_BREW_SHA256=unresolved
LLAMA_SWAP_VERSION=v236                 # github: mostlygeek/llama-swap
                                        # assets: ..._darwin_arm64.tar.gz / ..._windows_amd64.zip
LLAMA_SWAP_DARWIN_ARM64_SHA256=unresolved
LLAMA_SWAP_WINDOWS_AMD64_SHA256=unresolved
LLAMA_CPP_WIN_TAG=b9948                 # github: ggml-org/llama.cpp
                                        # asset: llama-b9948-bin-win-vulkan-x64.zip (AMD/Intel/NVIDIA)
LLAMA_CPP_WINDOWS_VULKAN_SHA256=unresolved

# --- tooling ---
PYTHON_VERSION=3.12.10                  # verified on the Windows authoring host
UV_VERSION=0.11.26                      # verified on the Windows authoring host
UV_DARWIN_ARM64_SHA256=unresolved
UV_WINDOWS_X64_SHA256=unresolved
NODE_VERSION=unresolved                 # acquisition may discover; reproducible mode rejects
NODE_RESOLVED_VERSION=unresolved
NODE_DARWIN_ARM64_SHA256=unresolved
NODE_WINDOWS_X64_SHA256=unresolved
NODE_MAJOR=22                           # compatibility selector, not an artifact identity
JQ_VERSION=unresolved                   # acquisition may discover; reproducible mode rejects
JQ_RESOLVED_VERSION=unresolved
JQ_DARWIN_ARM64_SHA256=unresolved
UV_INSTALL=dependency-cache             # executable comes from the policy-bound export
HF_CLI_VERSION=unresolved               # acquisition may discover; reproducible mode rejects
HF_CLI_RESOLVED_VERSION=unresolved
HF_CLI_ARCHIVE_SHA256=unresolved
HF_CLI=huggingface_hub[cli]             # package name; version is resolved separately
GITEA_BREW_FORMULA=gitea                # optional vault UI; brew pin after install
GITEA_VERSION=unresolved                # acquisition may discover; reproducible mode rejects
GITEA_RESOLVED_VERSION=unresolved
GITEA_BREW_SHA256=unresolved
VSCODIUM_CASK=vscodium                  # package name; exact artifact is exported
VSCODIUM_VERSION=dynamic
VSCODIUM_RESOLVED_VERSION=unresolved
VSCODIUM_DARWIN_ARM64_SHA256=unresolved
VSCODIUM_DARWIN_X64_SHA256=unresolved
VSCODIUM_WINDOWS_X64_SHA256=unresolved
CONTINUE_VSIX_VERSION=dynamic           # Open VSX resolution must be exported and hashed
CONTINUE_VSIX_RESOLVED_VERSION=unresolved
CONTINUE_VSIX_DARWIN_ARM64_SHA256=unresolved
CONTINUE_VSIX_DARWIN_X64_SHA256=unresolved
CONTINUE_VSIX_WINDOWS_X64_SHA256=unresolved
KILO_VSIX_VERSION=dynamic               # Open VSX resolution must be exported and hashed
KILO_VSIX_RESOLVED_VERSION=unresolved
KILO_VSIX_DARWIN_ARM64_SHA256=unresolved
KILO_VSIX_DARWIN_X64_SHA256=unresolved
KILO_VSIX_WINDOWS_X64_SHA256=unresolved
RUST_BREW_FORMULA=rust                  # builds desk/ (oracle-desk frontend); pin after install
RUST_VERSION=unresolved                 # acquisition may discover; reproducible mode rejects
RUST_RESOLVED_VERSION=unresolved
RUST_BREW_SHA256=unresolved

# --- supabase (docker images; verified on Docker Hub 2026-07-09, all arm64) ---
SUPABASE_POSTGRES_IMAGE=supabase/postgres:15.8.1.135
SUPABASE_POSTGRES_DIGEST=unresolved
SUPABASE_POSTGRES_ARCHIVE_SHA256=unresolved
POSTGREST_IMAGE=postgrest/postgrest:v12.2.12
POSTGREST_DIGEST=unresolved
POSTGREST_ARCHIVE_SHA256=unresolved
POSTGRES_META_IMAGE=supabase/postgres-meta:v0.91.0
POSTGRES_META_DIGEST=unresolved
POSTGRES_META_ARCHIVE_SHA256=unresolved
SUPABASE_STUDIO_IMAGE=supabase/studio:2026.07.07-sha-a6a04f2
SUPABASE_STUDIO_DIGEST=unresolved
SUPABASE_STUDIO_ARCHIVE_SHA256=unresolved

# --- mcp servers (verified on PyPI 2026-07-09; warmed into uv caches at bootstrap) ---
MCP_DUCKDB=mcp-server-duckdb==1.1.0     # uvx (ktanaka101)
MCP_DUCKDB_SHA256=unresolved
MCP_POSTGRES=postgres-mcp==0.3.0        # uvx (crystaldba)
MCP_POSTGRES_SHA256=unresolved

# --- model files: revisions live in serving/models.manifest; independently
#     verified shard hashes live in serving/model-authorities.json. Local scans
#     are acquisition evidence only and can never create serving authority. ---
